// !$*UTF8*$!
{
	archiveVersion = 1;
	classes = {
	};
	objectVersion = 56;
	objects = {

/* Begin PBXBuildFile section */
		B071B3852B21129C00B89665 /* AppDelegate.swift in Sources */ = {isa = PBXBuildFile; fileRef = B071B3842B21129C00B89665 /* AppDelegate.swift */; };
		B071B3872B21129C00B89665 /* SceneDelegate.swift in Sources */ = {isa = PBXBuildFile; fileRef = B071B3862B21129C00B89665 /* SceneDelegate.swift */; };
		B071B3892B21129C00B89665 /* ViewController.swift in Sources */ = {isa = PBXBuildFile; fileRef = B071B3882B21129C00B89665 /* ViewController.swift */; };
		B071B38C2B21129C00B89665 /* Main.storyboard in Resources */ = {isa = PBXBuildFile; fileRef = B071B38A2B21129C00B89665 /* Main.storyboard */; };
		B071B38E2B21129D00B89665 /* Assets.xcassets in Resources */ = {isa = PBXBuildFile; fileRef = B071B38D2B21129D00B89665 /* Assets.xcassets */; };
		B071B3912B21129D00B89665 /* LaunchScreen.storyboard in Resources */ = {isa = PBXBuildFile; fileRef = B071B38F2B21129D00B89665 /* LaunchScreen.storyboard */; };
		B071B39C2B21129E00B89665 /* BMITests.swift in Sources */ = {isa = PBXBuildFile; fileRef = B071B39B2B21129E00B89665 /* BMITests.swift */; };
		B071B3A62B21129E00B89665 /* BMIUITests.swift in Sources */ = {isa = PBXBuildFile; fileRef = B071B3A52B21129E00B89665 /* BMIUITests.swift */; };
		B071B3A82B21129E00B89665 /* BMIUITestsLaunchTests.swift in Sources */ = {isa = PBXBuildFile; fileRef = B071B3A72B21129E00B89665 /* BMIUITestsLaunchTests.swift */; };
/* End PBXBuildFile section */

/* Begin PBXContainerItemProxy section */
		B071B3982B21129E00B89665 /* PBXContainerItemProxy */ = {
			isa = PBXContainerItemProxy;
			containerPortal = B071B3792B21129C00B89665 /* Project object */;
			proxyType = 1;
			remoteGlobalIDString = B071B3802B21129C00B89665;
			remoteInfo = BMI;
		};
		B071B3A22B21129E00B89665 /* PBXContainerItemProxy */ = {
			isa = PBXContainerItemProxy;
			containerPortal = B071B3792B21129C00B89665 /* Project object */;
			proxyType = 1;
			remoteGlobalIDString = B071B3802B21129C00B89665;
			remoteInfo = BMI;
		};
/* End PBXContainerItemProxy section */

/* Begin PBXFileReference section */
		B071B3812B21129C00B89665 /* BMI.app */ = {isa = PBXFileReference; explicitFileType = wrapper.application; includeInIndex = 0; path = BMI.app; sourceTree = BUILT_PRODUCTS_DIR; };
		B071B3842B21129C00B89665 /* AppDelegate.swift */ = {isa = PBXFileReference; lastKnownFileType = sourcecode.swift; path = AppDelegate.swift; sourceTree = "<group>"; };
		B071B3862B21129C00B89665 /* SceneDelegate.swift */ = {isa = PBXFileReference; lastKnownFileType = sourcecode.swift; path = SceneDelegate.swift; sourceTree = "<group>"; };
		B071B3882B21129C00B89665 /* ViewController.swift */ = {isa = PBXFileReference; lastKnownFileType = sourcecode.swift; path = ViewController.swift; sourceTree = "<group>"; };
		B071B38B2B21129C00B89665 /* Base */ = {isa = PBXFileReference; lastKnownFileType = file.storyboard; name = Base; path = Base.lproj/Main.storyboard; sourceTree = "<group>"; };
		B071B38D2B21129D00B89665 /* Assets.xcassets */ = {isa = PBXFileReference; lastKnownFileType = folder.assetcatalog; path = Assets.xcassets; sourceTree = "<group>"; };
		B071B3902B21129D00B89665 /* Base */ = {isa = PBXFileReference; lastKnownFileType = file.storyboard; name = Base; path = Base.lproj/LaunchScreen.storyboard; sourceTree = "<group>"; };
		B071B3922B21129D00B89665 /* Info.plist */ = {isa = PBXFileReference; lastKnownFileType = text.plist.xml; path = Info.plist; sourceTree = "<group>"; };
		B071B3972B21129E00B89665 /* BMITests.xctest */ = {isa = PBXFileReference; explicitFileType = wrapper.cfbundle; includeInIndex = 0; path = BMITests.xctest; sourceTree = BUILT_PRODUCTS_DIR; };
		B071B39B2B21129E00B89665 /* BMITests.swift */ = {isa = PBXFileReference; lastKnownFileType = sourcecode.swift; path = BMITests.swift; sourceTree = "<group>"; };
		B071B3A12B21129E00B89665 /* BMIUITests.xctest */ = {isa = PBXFileReference; explicitFileType = wrapper.cfbundle; includeInIndex = 0; path = BMIUITests.xctest; sourceTree = BUILT_PRODUCTS_DIR; };
		B071B3A52B21129E00B89665 /* BMIUITests.swift */ = {isa = PBXFileReference; lastKnownFileType = sourcecode.swift; path = BMIUITests.swift; sourceTree = "<group>"; };
		B071B3A72B21129E00B89665 /* BMIUITestsLaunchTests.swift */ = {isa = PBXFileReference; lastKnownFileType = sourcecode.swift; path = BMIUITestsLaunchTests.swift; sourceTree = "<group>"; };
/* End PBXFileReference section */

/* Begin PBXFrameworksBuildPhase section */
		B071B37E2B21129C00B89665 /* Frameworks */ = {
			isa = PBXFrameworksBuildPhase;
			buildActionMask = 2147483647;
			files = (
			);
			runOnlyForDeploymentPostprocessing = 0;
		};
		B071B3942B21129E00B89665 /* Frameworks */ = {
			isa = PBXFrameworksBuildPhase;
			buildActionMask = 2147483647;
			files = (
			);
			runOnlyForDeploymentPostprocessing = 0;
		};
		B071B39E2B21129E00B89665 /* Frameworks */ = {
			isa = PBXFrameworksBuildPhase;
			buildActionMask = 2147483647;
			files = (
			);
			runOnlyForDeploymentPostprocessing = 0;
		};
/* End PBXFrameworksBuildPhase section */

/* Begin PBXGroup section */
		B071B3782B21129C00B89665 = {
			isa = PBXGroup;
			children = (
				B071B3832B21129C00B89665 /* BMI */,
				B071B39A2B21129E00B89665 /* BMITests */,
				B071B3A42B21129E00B89665 /* BMIUITests */,
				B071B3822B21129C00B89665 /* Products */,
			);
			sourceTree = "<group>";
		};
		B071B3822B21129C00B89665 /* Products */ = {
			isa = PBXGroup;
			children = (
				B071B3812B21129C00B89665 /* BMI.app */,
				B071B3972B21129E00B89665 /* BMITests.xctest */,
				B071B3A12B21129E00B89665 /* BMIUITests.xctest */,
			);
			name = Products;
			sourceTree = "<group>";
		};
		B071B3832B21129C00B89665 /* BMI */ = {
			isa = PBXGroup;
			children = (
				B071B3842B21129C00B89665 /* AppDelegate.swift */,
				B071B3862B21129C00B89665 /* SceneDelegate.swift */,
				B071B3882B21129C00B89665 /* ViewController.swift */,
				B071B38A2B21129C00B89665 /* Main.storyboard */,
				B071B38D2B21129D00B89665 /* Assets.xcassets */,
				B071B38F2B21129D00B89665 /* LaunchScreen.storyboard */,
				B071B3922B21129D00B89665 /* Info.plist */,
			);
			path = BMI;
			sourceTree = "<group>";
		};
		B071B39A2B21129E00B89665 /* BMITests */ = {
			isa = PBXGroup;
			children = (
				B071B39B2B21129E00B89665 /* BMITests.swift */,
			);
			path = BMITests;
			sourceTree = "<group>";
		};
		B071B3A42B21129E00B89665 /* BMIUITests */ = {
			isa = PBXGroup;
			children = (
				B071B3A52B21129E00B89665 /* BMIUITests.swift */,
				B071B3A72B21129E00B89665 /* BMIUITestsLaunchTests.swift */,
			);
			path = BMIUITests;
			sourceTree = "<group>";
		};
/* End PBXGroup section */

/* Begin PBXNativeTarget section */
		B071B3802B21129C00B89665 /* BMI */ = {
			isa = PBXNativeTarget;
			buildConfigurationList = B071B3AB2B21129E00B89665 /* Build configuration list for PBXNativeTarget "BMI" */;
			buildPhases = (
				B071B37D2B21129C00B89665 /* Sources */,
				B071B37E2B21129C00B89665 /* Frameworks */,
				B071B37F2B21129C00B89665 /* Resources */,
			);
			buildRules = (
			);
			dependencies = (
			);
			name = BMI;
			productName = BMI;
			productReference = B071B3812B21129C00B89665 /* BMI.app */;
			productType = "com.apple.product-type.application";
		};
		B071B3962B21129E00B89665 /* BMITests */ = {
			isa = PBXNativeTarget;
			buildConfigurationList = B071B3AE2B21129E00B89665 /* Build configuration list for PBXNativeTarget "BMITests" */;
			buildPhases = (
				B071B3932B21129E00B89665 /* Sources */,
				B071B3942B21129E00B89665 /* Frameworks */,
				B071B3952B21129E00B89665 /* Resources */,
			);
			buildRules = (
			);
			dependencies = (
				B071B3992B21129E00B89665 /* PBXTargetDependency */,
			);
			name = BMITests;
			productName = BMITests;
			productReference = B071B3972B21129E00B89665 /* BMITests.xctest */;
			productType = "com.apple.product-type.bundle.unit-test";
		};
		B071B3A02B21129E00B89665 /* BMIUITests */ = {
			isa = PBXNativeTarget;
			buildConfigurationList = B071B3B12B21129E00B89665 /* Build configuration list for PBXNativeTarget "BMIUITests" */;
			buildPhases = (
				B071B39D2B21129E00B89665 /* Sources */,
				B071B39E2B21129E00B89665 /* Frameworks */,
				B071B39F2B21129E00B89665 /* Resources */,
			);
			buildRules = (
			);
			dependencies = (
				B071B3A32B21129E00B89665 /* PBXTargetDependency */,
			);
			name = BMIUITests;
			productName = BMIUITests;
			productReference = B071B3A12B21129E00B89665 /* BMIUITests.xctest */;
			productType = "com.apple.product-type.bundle.ui-testing";
		};
/* End PBXNativeTarget section */

/* Begin PBXProject section */
		B071B3792B21129C00B89665 /* Project object */ = {
			isa = PBXProject;
			attributes = {
				BuildIndependentTargetsInParallel = 1;
				LastSwiftUpdateCheck = 1500;
				LastUpgradeCheck = 1500;
				TargetAttributes = {
					B071B3802B21129C00B89665 = {
						CreatedOnToolsVersion = 15.0.1;
					};
					B071B3962B21129E00B89665 = {
						CreatedOnToolsVersion = 15.0.1;
						TestTargetID = B071B3802B21129C00B89665;
					};
					B071B3A02B21129E00B89665 = {
						CreatedOnToolsVersion = 15.0.1;
						TestTargetID = B071B3802B21129C00B89665;
					};
				};
			};
			buildConfigurationList = B071B37C2B21129C00B89665 /* Build configuration list for PBXProject "BMI" */;
			compatibilityVersion = "Xcode 14.0";
			developmentRegion = en;
			hasScannedForEncodings = 0;
			knownRegions = (
				en,
				Base,
			);
			mainGroup = B071B3782B21129C00B89665;
			productRefGroup = B071B3822B21129C00B89665 /* Products */;
			projectDirPath = "";
			projectRoot = "";
			targets = (
				B071B3802B21129C00B89665 /* BMI */,
				B071B3962B21129E00B89665 /* BMITests */,
				B071B3A02B21129E00B89665 /* BMIUITests */,
			);
		};
/* End PBXProject section */

/* Begin PBXResourcesBuildPhase section */
		B071B37F2B21129C00B89665 /* Resources */ = {
			isa = PBXResourcesBuildPhase;
			buildActionMask = 2147483647;
			files = (
				B071B3912B21129D00B89665 /* LaunchScreen.storyboard in Resources */,
				B071B38E2B21129D00B89665 /* Assets.xcassets in Resources */,
				B071B38C2B21129C00B89665 /* Main.storyboard in Resources */,
			);
			runOnlyForDeploymentPostprocessing = 0;
		};
		B071B3952B21129E00B89665 /* Resources */ = {
			isa = PBXResourcesBuildPhase;
			buildActionMask = 2147483647;
			files = (
			);
			runOnlyForDeploymentPostprocessing = 0;
		};
		B071B39F2B21129E00B89665 /* Resources */ = {
			isa = PBXResourcesBuildPhase;
			buildActionMask = 2147483647;
			files = (
			);
			runOnlyForDeploymentPostprocessing = 0;
		};
/* End PBXResourcesBuildPhase section */

/* Begin PBXSourcesBuildPhase section */
		B071B37D2B21129C00B89665 /* Sources */ = {
			isa = PBXSourcesBuildPhase;
			buildActionMask = 2147483647;
			files = (
				B071B3892B21129C00B89665 /* ViewController.swift in Sources */,
				B071B3852B21129C00B89665 /* AppDelegate.swift in Sources */,
				B071B3872B21129C00B89665 /* SceneDelegate.swift in Sources */,
			);
			runOnlyForDeploymentPostprocessing = 0;
		};
		B071B3932B21129E00B89665 /* Sources */ = {
			isa = PBXSourcesBuildPhase;
			buildActionMask = 2147483647;
			files = (
				B071B39C2B21129E00B89665 /* BMITests.swift in Sources */,
			);
			runOnlyForDeploymentPostprocessing = 0;
		};
		B071B39D2B21129E00B89665 /* Sources */ = {
			isa = PBXSourcesBuildPhase;
			buildActionMask = 2147483647;
			files = (
				B071B3A62B21129E00B89665 /* BMIUITests.swift in Sources */,
				B071B3A82B21129E00B89665 /* BMIUITestsLaunchTests.swift in Sources */,
			);
			runOnlyForDeploymentPostprocessing = 0;
		};
/* End PBXSourcesBuildPhase section */

/* Begin PBXTargetDependency section */
		B071B3992B21129E00B89665 /* PBXTargetDependency */ = {
			isa = PBXTargetDependency;
			target = B071B3802B21129C00B89665 /* BMI */;
			targetProxy = B071B3982B21129E00B89665 /* PBXContainerItemProxy */;
		};
		B071B3A32B21129E00B89665 /* PBXTargetDependency */ = {
			isa = PBXTargetDependency;
			target = B071B3802B21129C00B89665 /* BMI */;
			targetProxy = B071B3A22B21129E00B89665 /* PBXContainerItemProxy */;
		};
/* End PBXTargetDependency section */

/* Begin PBXVariantGroup section */
		B071B38A2B21129C00B89665 /* Main.storyboard */ = {
			isa = PBXVariantGroup;
			children = (
				B071B38B2B21129C00B89665 /* Base */,
			);
			name = Main.storyboard;
			sourceTree = "<group>";
		};
		B071B38F2B21129D00B89665 /* LaunchScreen.storyboard */ = {
			isa = PBXVariantGroup;
			children = (
				B071B3902B21129D00B89665 /* Base */,
			);
			name = LaunchScreen.storyboard;
			sourceTree = "<group>";
		};
/* End PBXVariantGroup section */

/* Begin XCBuildConfiguration section */
		B071B3A92B21129E00B89665 /* Debug */ = {
			isa = XCBuildConfiguration;
			buildSettings = {
				ALWAYS_SEARCH_USER_PATHS = NO;
				ASSETCATALOG_COMPILER_GENERATE_SWIFT_ASSET_SYMBOL_EXTENSIONS = YES;
				CLANG_ANALYZER_NONNULL = YES;
				CLANG_ANALYZER_NUMBER_OBJECT_CONVERSION = YES_AGGRESSIVE;
				CLANG_CXX_LANGUAGE_STANDARD = "gnu++20";
				CLANG_ENABLE_MODULES = YES;
				CLANG_ENABLE_OBJC_ARC = YES;
				CLANG_ENABLE_OBJC_WEAK = YES;
				CLANG_WARN_BLOCK_CAPTURE_AUTORELEASING = YES;
				CLANG_WARN_BOOL_CONVERSION = YES;
				CLANG_WARN_COMMA = YES;
				CLANG_WARN_CONSTANT_CONVERSION = YES;
				CLANG_WARN_DEPRECATED_OBJC_IMPLEMENTATIONS = YES;
				CLANG_WARN_DIRECT_OBJC_ISA_USAGE = YES_ERROR;
				CLANG_WARN_DOCUMENTATION_COMMENTS = YES;
				CLANG_WARN_EMPTY_BODY = YES;
				CLANG_WARN_ENUM_CONVERSION = YES;
				CLANG_WARN_INFINITE_RECURSION = YES;
				CLANG_WARN_INT_CONVERSION = YES;
				CLANG_WARN_NON_LITERAL_NULL_CONVERSION = YES;
				CLANG_WARN_OBJC_IMPLICIT_RETAIN_SELF = YES;
				CLANG_WARN_OBJC_LITERAL_CONVERSION = YES;
				CLANG_WARN_OBJC_ROOT_CLASS = YES_ERROR;
				CLANG_WARN_QUOTED_INCLUDE_IN_FRAMEWORK_HEADER = YES;
				CLANG_WARN_RANGE_LOOP_ANALYSIS = YES;
				CLANG_WARN_STRICT_PROTOTYPES = YES;
				CLANG_WARN_SUSPICIOUS_MOVE = YES;
				CLANG_WARN_UNGUARDED_AVAILABILITY = YES_AGGRESSIVE;
				CLANG_WARN_UNREACHABLE_CODE = YES;
				CLANG_WARN__DUPLICATE_METHOD_MATCH = YES;
				COPY_PHASE_STRIP = NO;
				DEBUG_INFORMATION_FORMAT = dwarf;
				ENABLE_STRICT_OBJC_MSGSEND = YES;
				ENABLE_TESTABILITY = YES;
				ENABLE_USER_SCRIPT_SANDBOXING = YES;
				GCC_C_LANGUAGE_STANDARD = gnu17;
				GCC_DYNAMIC_NO_PIC = NO;
				GCC_NO_COMMON_BLOCKS = YES;
				GCC_OPTIMIZATION_LEVEL = 0;
				GCC_PREPROCESSOR_DEFINITIONS = (
					"DEBUG=1",
					"$(inherited)",
				);
				GCC_WARN_64_TO_32_BIT_CONVERSION = YES;
				GCC_WARN_ABOUT_RETURN_TYPE = YES_ERROR;
				GCC_WARN_UNDECLARED_SELECTOR = YES;
				GCC_WARN_UNINITIALIZED_AUTOS = YES_AGGRESSIVE;
				GCC_WARN_UNUSED_FUNCTION = YES;
				GCC_WARN_UNUSED_VARIABLE = YES;
				IPHONEOS_DEPLOYMENT_TARGET = 17.0;
				LOCALIZATION_PREFERS_STRING_CATALOGS = YES;
				MTL_ENABLE_DEBUG_INFO = INCLUDE_SOURCE;
				MTL_FAST_MATH = YES;
				ONLY_ACTIVE_ARCH = YES;
				SDKROOT = iphoneos;
				SWIFT_ACTIVE_COMPILATION_CONDITIONS = "DEBUG $(inherited)";
				SWIFT_OPTIMIZATION_LEVEL = "-Onone";
			};
			name = Debug;
		};
		B071B3AA2B21129E00B89665 /* Release */ = {
			isa = XCBuildConfiguration;
			buildSettings = {
				ALWAYS_SEARCH_USER_PATHS = NO;
				ASSETCATALOG_COMPILER_GENERATE_SWIFT_ASSET_SYMBOL_EXTENSIONS = YES;
				CLANG_ANALYZER_NONNULL = YES;
				CLANG_ANALYZER_NUMBER_OBJECT_CONVERSION = YES_AGGRESSIVE;
				CLANG_CXX_LANGUAGE_STANDARD = "gnu++20";
				CLANG_ENABLE_MODULES = YES;
				CLANG_ENABLE_OBJC_ARC = YES;
				CLANG_ENABLE_OBJC_WEAK = YES;
				CLANG_WARN_BLOCK_CAPTURE_AUTORELEASING = YES;
				CLANG_WARN_BOOL_CONVERSION = YES;
				CLANG_WARN_COMMA = YES;
				CLANG_WARN_CONSTANT_CONVERSION = YES;
				CLANG_WARN_DEPRECATED_OBJC_IMPLEMENTATIONS = YES;
				CLANG_WARN_DIRECT_OBJC_ISA_USAGE = YES_ERROR;
				CLANG_WARN_DOCUMENTATION_COMMENTS = YES;
				CLANG_WARN_EMPTY_BODY = YES;
				CLANG_WARN_ENUM_CONVERSION = YES;
				CLANG_WARN_INFINITE_RECURSION = YES;
				CLANG_WARN_INT_CONVERSION = YES;
				CLANG_WARN_NON_LITERAL_NULL_CONVERSION = YES;
				CLANG_WARN_OBJC_IMPLICIT_RETAIN_SELF = YES;
				CLANG_WARN_OBJC_LITERAL_CONVERSION = YES;
				CLANG_WARN_OBJC_ROOT_CLASS = YES_ERROR;
				CLANG_WARN_QUOTED_INCLUDE_IN_FRAMEWORK_HEADER = YES;
				CLANG_WARN_RANGE_LOOP_ANALYSIS = YES;
				CLANG_WARN_STRICT_PROTOTYPES = YES;
				CLANG_WARN_SUSPICIOUS_MOVE = YES;
				CLANG_WARN_UNGUARDED_AVAILABILITY = YES_AGGRESSIVE;
				CLANG_WARN_UNREACHABLE_CODE = YES;
				CLANG_WARN__DUPLICATE_METHOD_MATCH = YES;
				COPY_PHASE_STRIP = NO;
				DEBUG_INFORMATION_FORMAT = "dwarf-with-dsym";
				ENABLE_NS_ASSERTIONS = NO;
				ENABLE_STRICT_OBJC_MSGSEND = YES;
				ENABLE_USER_SCRIPT_SANDBOXING = YES;
				GCC_C_LANGUAGE_STANDARD = gnu17;
				GCC_NO_COMMON_BLOCKS = YES;
				GCC_WARN_64_TO_32_BIT_CONVERSION = YES;
				GCC_WARN_ABOUT_RETURN_TYPE = YES_ERROR;
				GCC_WARN_UNDECLARED_SELECTOR = YES;
				GCC_WARN_UNINITIALIZED_AUTOS = YES_AGGRESSIVE;
				GCC_WARN_UNUSED_FUNCTION = YES;
				GCC_WARN_UNUSED_VARIABLE = YES;
				IPHONEOS_DEPLOYMENT_TARGET = 17.0;
				LOCALIZATION_PREFERS_STRING_CATALOGS = YES;
				MTL_ENABLE_DEBUG_INFO = NO;
				MTL_FAST_MATH = YES;
				SDKROOT = iphoneos;
				SWIFT_COMPILATION_MODE = wholemodule;
				VALIDATE_PRODUCT = YES;
			};
			name = Release;
		};
		B071B3AC2B21129E00B89665 /* Debug */ = {
			isa = XCBuildConfiguration;
			buildSettings = {
				ASSETCATALOG_COMPILER_APPICON_NAME = AppIcon;
				ASSETCATALOG_COMPILER_GLOBAL_ACCENT_COLOR_NAME = AccentColor;
				CODE_SIGN_STYLE = Automatic;
				CURRENT_PROJECT_VERSION = 1;
				GENERATE_INFOPLIST_FILE = YES;
				INFOPLIST_FILE = BMI/Info.plist;
				INFOPLIST_KEY_UIApplicationSupportsIndirectInputEvents = YES;
				INFOPLIST_KEY_UILaunchStoryboardName = LaunchScreen;
				INFOPLIST_KEY_UIMainStoryboardFile = Main;
				INFOPLIST_KEY_UISupportedInterfaceOrientations_iPad = "UIInterfaceOrientationPortrait UIInterfaceOrientationPortraitUpsideDown UIInterfaceOrientationLandscapeLeft UIInterfaceOrientationLandscapeRight";
				INFOPLIST_KEY_UISupportedInterfaceOrientations_iPhone = "UIInterfaceOrientationPortrait UIInterfaceOrientationLandscapeLeft UIInterfaceOrientationLandscapeRight";
				LD_RUNPATH_SEARCH_PATHS = (
					"$(inherited)",
					"@executable_path/Frameworks",
				);
				MARKETING_VERSION = 1.0;
				PRODUCT_BUNDLE_IDENTIFIER = Dunk.BMI;
				PRODUCT_NAME = "$(TARGET_NAME)";
				SWIFT_EMIT_LOC_STRINGS = YES;
				SWIFT_VERSION = 5.0;
				TARGETED_DEVICE_FAMILY = "1,2";
			};
			name = Debug;
		};
		B071B3AD2B21129E00B89665 /* Release */ = {
			isa = XCBuildConfiguration;
			buildSettings = {
				ASSETCATALOG_COMPILER_APPICON_NAME = AppIcon;
				ASSETCATALOG_COMPILER_GLOBAL_ACCENT_COLOR_NAME = AccentColor;
				CODE_SIGN_STYLE = Automatic;
				CURRENT_PROJECT_VERSION = 1;
				GENERATE_INFOPLIST_FILE = YES;
				INFOPLIST_FILE = BMI/Info.plist;
				INFOPLIST_KEY_UIApplicationSupportsIndirectInputEvents = YES;
				INFOPLIST_KEY_UILaunchStoryboardName = LaunchScreen;
				INFOPLIST_KEY_UIMainStoryboardFile = Main;
				INFOPLIST_KEY_UISupportedInterfaceOrientations_iPad = "UIInterfaceOrientationPortrait UIInterfaceOrientationPortraitUpsideDown UIInterfaceOrientationLandscapeLeft UIInterfaceOrientationLandscapeRight";
				INFOPLIST_KEY_UISupportedInterfaceOrientations_iPhone = "UIInterfaceOrientationPortrait UIInterfaceOrientationLandscapeLeft UIInterfaceOrientationLandscapeRight";
				LD_RUNPATH_SEARCH_PATHS = (
					"$(inherited)",
					"@executable_path/Frameworks",
				);
				MARKETING_VERSION = 1.0;
				PRODUCT_BUNDLE_IDENTIFIER = Dunk.BMI;
				PRODUCT_NAME = "$(TARGET_NAME)";
				SWIFT_EMIT_LOC_STRINGS = YES;
				SWIFT_VERSION = 5.0;
				TARGETED_DEVICE_FAMILY = "1,2";
			};
			name = Release;
		};
		B071B3AF2B21129E00B89665 /* Debug */ = {
			isa = XCBuildConfiguration;
			buildSettings = {
				ALWAYS_EMBED_SWIFT_STANDARD_LIBRARIES = YES;
				BUNDLE_LOADER = "$(TEST_HOST)";
				CODE_SIGN_STYLE = Automatic;
				CURRENT_PROJECT_VERSION = 1;
				GENERATE_INFOPLIST_FILE = YES;
				IPHONEOS_DEPLOYMENT_TARGET = 17.0;
				MARKETING_VERSION = 1.0;
				PRODUCT_BUNDLE_IDENTIFIER = Dunk.BMITests;
				PRODUCT_NAME = "$(TARGET_NAME)";
				SWIFT_EMIT_LOC_STRINGS = NO;
				SWIFT_VERSION = 5.0;
				TARGETED_DEVICE_FAMILY = "1,2";
				TEST_HOST = "$(BUILT_PRODUCTS_DIR)/BMI.app/$(BUNDLE_EXECUTABLE_FOLDER_PATH)/BMI";
			};
			name = Debug;
		};
		B071B3B02B21129E00B89665 /* Release */ = {
			isa = XCBuildConfiguration;
			buildSettings = {
				ALWAYS_EMBED_SWIFT_STANDARD_LIBRARIES = YES;
				BUNDLE_LOADER = "$(TEST_HOST)";
				CODE_SIGN_STYLE = Automatic;
				CURRENT_PROJECT_VERSION = 1;
				GENERATE_INFOPLIST_FILE = YES;
				IPHONEOS_DEPLOYMENT_TARGET = 17.0;
				MARKETING_VERSION = 1.0;
				PRODUCT_BUNDLE_IDENTIFIER = Dunk.BMITests;
				PRODUCT_NAME = "$(TARGET_NAME)";
				SWIFT_EMIT_LOC_STRINGS = NO;
				SWIFT_VERSION = 5.0;
				TARGETED_DEVICE_FAMILY = "1,2";
				TEST_HOST = "$(BUILT_PRODUCTS_DIR)/BMI.app/$(BUNDLE_EXECUTABLE_FOLDER_PATH)/BMI";
			};
			name = Release;
		};
		B071B3B22B21129E00B89665 /* Debug */ = {
			isa = XCBuildConfiguration;
			buildSettings = {
				ALWAYS_EMBED_SWIFT_STANDARD_LIBRARIES = YES;
				CODE_SIGN_STYLE = Automatic;
				CURRENT_PROJECT_VERSION = 1;
				GENERATE_INFOPLIST_FILE = YES;
				MARKETING_VERSION = 1.0;
				PRODUCT_BUNDLE_IDENTIFIER = Dunk.BMIUITests;
				PRODUCT_NAME = "$(TARGET_NAME)";
				SWIFT_EMIT_LOC_STRINGS = NO;
				SWIFT_VERSION = 5.0;
				TARGETED_DEVICE_FAMILY = "1,2";
				TEST_TARGET_NAME = BMI;
			};
			name = Debug;
		};
		B071B3B32B21129E00B89665 /* Release */ = {
			isa = XCBuildConfiguration;
			buildSettings = {
				ALWAYS_EMBED_SWIFT_STANDARD_LIBRARIES = YES;
				CODE_SIGN_STYLE = Automatic;
				CURRENT_PROJECT_VERSION = 1;
				GENERATE_INFOPLIST_FILE = YES;
				MARKETING_VERSION = 1.0;
				PRODUCT_BUNDLE_IDENTIFIER = Dunk.BMIUITests;
				PRODUCT_NAME = "$(TARGET_NAME)";
				SWIFT_EMIT_LOC_STRINGS = NO;
				SWIFT_VERSION = 5.0;
				TARGETED_DEVICE_FAMILY = "1,2";
				TEST_TARGET_NAME = BMI;
			};
			name = Release;
		};
/* End XCBuildConfiguration section */

/* Begin XCConfigurationList section */
		B071B37C2B21129C00B89665 /* Build configuration list for PBXProject "BMI" */ = {
			isa = XCConfigurationList;
			buildConfigurations = (
				B071B3A92B21129E00B89665 /* Debug */,
				B071B3AA2B21129E00B89665 /* Release */,
			);
			defaultConfigurationIsVisible = 0;
			defaultConfigurationName = Release;
		};
		B071B3AB2B21129E00B89665 /* Build configuration list for PBXNativeTarget "BMI" */ = {
			isa = XCConfigurationList;
			buildConfigurations = (
				B071B3AC2B21129E00B89665 /* Debug */,
				B071B3AD2B21129E00B89665 /* Release */,
			);
			defaultConfigurationIsVisible = 0;
			defaultConfigurationName = Release;
		};
		B071B3AE2B21129E00B89665 /* Build configuration list for PBXNativeTarget "BMITests" */ = {
			isa = XCConfigurationList;
			buildConfigurations = (
				B071B3AF2B21129E00B89665 /* Debug */,
				B071B3B02B21129E00B89665 /* Release */,
			);
			defaultConfigurationIsVisible = 0;
			defaultConfigurationName = Release;
		};
		B071B3B12B21129E00B89665 /* Build configuration list for PBXNativeTarget "BMIUITests" */ = {
			isa = XCConfigurationList;
			buildConfigurations = (
				B071B3B22B21129E00B89665 /* Debug */,
				B071B3B32B21129E00B89665 /* Release */,
			);
			defaultConfigurationIsVisible = 0;
			defaultConfigurationName = Release;
		};
/* End XCConfigurationList section */
	};
	rootObject = B071B3792B21129C00B89665 /* Project object */;
}
